
Microsoft Visual Studio Solution File, Format Version 12.00
# Visual Studio 14
VisualStudioVersion = 14.0.25420.1
MinimumVisualStudioVersion = 10.0.40219.1
Project("{FAE04EC0-301F-11D3-BF4B-00C04F79EFBC}") = "Lab1", "Lab1\Lab1.csproj", "{9210CC21-F7BE-4F16-974E-C433CED60B61}"
EndProject
Project("{FAE04EC0-301F-11D3-BF4B-00C04F79EFBC}") = "CryptoAlgorithms", "CryptoAlgorithms\CryptoAlgorithms.csproj", "{BE66545C-331D-42B9-8B6F-A79B391BFB3D}"
EndProject
Global
	GlobalSection(SolutionConfigurationPlatforms) = preSolution
		Debug|Any CPU = Debug|Any CPU
		Release|Any CPU = Release|Any CPU
	EndGlobalSection
	GlobalSection(ProjectConfigurationPlatforms) = postSolution
		{9210CC21-F7BE-4F16-974E-C433CED60B61}.Debug|Any CPU.ActiveCfg = Debug|Any CPU
		{9210CC21-F7BE-4F16-974E-C433CED60B61}.Debug|Any CPU.Build.0 = Debug|Any CPU
		{9210CC21-F7BE-4F16-974E-C433CED60B61}.Release|Any CPU.ActiveCfg = Release|Any CPU
		{9210CC21-F7BE-4F16-974E-C433CED60B61}.Release|Any CPU.Build.0 = Release|Any CPU
		{BE66545C-331D-42B9-8B6F-A79B391BFB3D}.Debug|Any CPU.ActiveCfg = Debug|Any CPU
		{BE66545C-331D-42B9-8B6F-A79B391BFB3D}.Debug|Any CPU.Build.0 = Debug|Any CPU
		{BE66545C-331D-42B9-8B6F-A79B391BFB3D}.Release|Any CPU.ActiveCfg = Release|Any CPU
		{BE66545C-331D-42B9-8B6F-A79B391BFB3D}.Release|Any CPU.Build.0 = Release|Any CPU
	EndGlobalSection
	GlobalSection(SolutionProperties) = preSolution
		HideSolutionNode = FALSE
	EndGlobalSection
EndGlobal
